# THIS IS AN AUTOGENERATED FILE. DO NOT EDIT THIS FILE DIRECTLY.
# yarn lockfile v1


"@next/env@12.3.2-canary.38":
  version "12.3.2-canary.38"
  resolved "https://registry.yarnpkg.com/@next/env/-/env-12.3.2-canary.38.tgz#290a64f36b15f3dbf7d0adc3b25ad0cd02792657"
  integrity sha512-nfzwFRmZg/MkhpjNC/xbeZjwPJL7wDkPGn+ZalOron2483cmC3qDAgEBgPPZWgEoG5IDWo0LJBQE0mK+Tur8HA==

"@next/swc-android-arm-eabi@12.3.2-canary.38":
  version "12.3.2-canary.38"
  resolved "https://registry.yarnpkg.com/@next/swc-android-arm-eabi/-/swc-android-arm-eabi-12.3.2-canary.38.tgz#ec3523d2af50beaec34069c67921b13cb9cee45e"
  integrity sha512-FHMW9Fe8KfwKTjnCxmeGCN+4VBljf5nUM9mAp0bfa3qPxU+raczO7q6IyPl6sxyCXQ7y+AfSAKj9+tGN7STiEQ==

"@next/swc-android-arm64@12.3.2-canary.38":
  version "12.3.2-canary.38"
  resolved "https://registry.yarnpkg.com/@next/swc-android-arm64/-/swc-android-arm64-12.3.2-canary.38.tgz#f85c5d23b1a407bf84239c13f8762a4630c9351a"
  integrity sha512-fuPHsuthlM4DC5g2XH6FYdFoTjckziZOxB9tGU+kSvjFBE8P64Hxhwf4F6NI6/CynhiH0PRTwwpDj7ytk1h22w==

"@next/swc-darwin-arm64@12.3.2-canary.38":
  version "12.3.2-canary.38"
  resolved "https://registry.yarnpkg.com/@next/swc-darwin-arm64/-/swc-darwin-arm64-12.3.2-canary.38.tgz#faa1d51ea9c42d68fdc46729995e986564ee6830"
  integrity sha512-BwBZJMgUqgk4tFNlGatKn/xarGeQOx/krGIuvFJf6KtwGEP+/5moTNOaY3yWr0c57unkiemkVzGQ4UFDn7s/Og==

"@next/swc-darwin-x64@12.3.2-canary.38":
  version "12.3.2-canary.38"
  resolved "https://registry.yarnpkg.com/@next/swc-darwin-x64/-/swc-darwin-x64-12.3.2-canary.38.tgz#9428a76795983091f3d262a10523226855d6e496"
  integrity sha512-KtT3SudHzFwImUVoVieDLKMZPwxpl3x2DaHCp8Smw5+CtPjHdaL9VI3C6MWuN99DJQClbwESjnw2Aie4sRadwA==

"@next/swc-freebsd-x64@12.3.2-canary.38":
  version "12.3.2-canary.38"
  resolved "https://registry.yarnpkg.com/@next/swc-freebsd-x64/-/swc-freebsd-x64-12.3.2-canary.38.tgz#9de20f5c865b7728e709f5f64248c0239dc39406"
  integrity sha512-uZ6GBfjlrJJs+WomMesmoY6Q22eNUpKv3fxrT2qdSeY1tLi7Yo0dSrPfkjt4xmLB/0vwvTZesmkLLk1DVWl6cw==

"@next/swc-linux-arm-gnueabihf@12.3.2-canary.38":
  version "12.3.2-canary.38"
  resolved "https://registry.yarnpkg.com/@next/swc-linux-arm-gnueabihf/-/swc-linux-arm-gnueabihf-12.3.2-canary.38.tgz#2198efd87b85753631a6f200ff1f5b076309ca2a"
  integrity sha512-DtwNa3W+XWQNddA/t0TbdwA0npq2lvwrV7dwlwbIBOs3Gqw2tNDVk5fPiHksEl+KzAhOhP8uVD7Mh2pJSe7V2A==

"@next/swc-linux-arm64-gnu@12.3.2-canary.38":
  version "12.3.2-canary.38"
  resolved "https://registry.yarnpkg.com/@next/swc-linux-arm64-gnu/-/swc-linux-arm64-gnu-12.3.2-canary.38.tgz#733482ee7dd277880e267f223dcb6562c5c6f882"
  integrity sha512-H/2d9fAbUo/NNqZrg1KOmtdzUNuCtaS2k/jIMLHnschdsmOpKnoCOoom+X0/2dmWh2hhyrG0oYxt1+0qQx4zRg==

"@next/swc-linux-arm64-musl@12.3.2-canary.38":
  version "12.3.2-canary.38"
  resolved "https://registry.yarnpkg.com/@next/swc-linux-arm64-musl/-/swc-linux-arm64-musl-12.3.2-canary.38.tgz#82c71e70139302ed0bc91fa7806a36ca210a3e55"
  integrity sha512-ZTU0eGNszUUbkuo3C4t0Szh4y35VdNEwS+UP58y9UxWEGkhQi8Oqy06EmTwaWK4ZhOwPsONixRj1dZCyInDOEg==

"@next/swc-linux-x64-gnu@12.3.2-canary.38":
  version "12.3.2-canary.38"
  resolved "https://registry.yarnpkg.com/@next/swc-linux-x64-gnu/-/swc-linux-x64-gnu-12.3.2-canary.38.tgz#3e29cc1fdb8785e27688acee1c47b206f268155d"
  integrity sha512-rJYubm1FXsNegiL8ewBUa57gQWLaD07RcL6Q11V2QcwHz30/EIT+k1Oio//hTic+gEFvcRUjmKcJEDa/g/E2kw==

"@next/swc-linux-x64-musl@12.3.2-canary.38":
  version "12.3.2-canary.38"
  resolved "https://registry.yarnpkg.com/@next/swc-linux-x64-musl/-/swc-linux-x64-musl-12.3.2-canary.38.tgz#5b013c9a66a0578f40abc646436a02b7c481435a"
  integrity sha512-5SGNSpJIYGN73oyqyRqMKlC3wEjRx3V2tgmZ0p5dYKHgGg7wwgJ7o0LuOeIa/H4FDFntxt2BlFV10qxL8xp2dA==

"@next/swc-win32-arm64-msvc@12.3.2-canary.38":
  version "12.3.2-canary.38"
  resolved "https://registry.yarnpkg.com/@next/swc-win32-arm64-msvc/-/swc-win32-arm64-msvc-12.3.2-canary.38.tgz#1c57ba119b6a83da28c7f03c37aa5f0eeede5e9a"
  integrity sha512-jxMiAZAbgEY5y076Wo+V+x0/CKAuSeUuh+zNH+GyHZFLkOcrUDZtUIY2i7RmQjGpam9XQf/tCgMSNOwxeeGCSA==

"@next/swc-win32-ia32-msvc@12.3.2-canary.38":
  version "12.3.2-canary.38"
  resolved "https://registry.yarnpkg.com/@next/swc-win32-ia32-msvc/-/swc-win32-ia32-msvc-12.3.2-canary.38.tgz#9d0fcdc258999e430a51643ca42f11b9a7f48693"
  integrity sha512-9ES0LYANZuYhU1f07AN5/9a5xIpIJSCTWk2olQjJhWj4NDA9fscpOKDJydVMgrTrYyFgPLu7Gfvei7vMX7vmMA==

"@next/swc-win32-x64-msvc@12.3.2-canary.38":
  version "12.3.2-canary.38"
  resolved "https://registry.yarnpkg.com/@next/swc-win32-x64-msvc/-/swc-win32-x64-msvc-12.3.2-canary.38.tgz#48ea7ba10bc90571c5cb318cde363ed39974ca20"
  integrity sha512-Nxdvj7deZQHKIOY840TmKSu1KwPMW58xLw6S4sCiyY3qSbdycGmmFKg7sG3KSEWa5LIyjZQOLchNbPzO27UB+w==

"@swc/helpers@0.4.11":
  version "0.4.11"
  resolved "https://registry.yarnpkg.com/@swc/helpers/-/helpers-0.4.11.tgz#db23a376761b3d31c26502122f349a21b592c8de"
  integrity sha512-rEUrBSGIoSFuYxwBYtlUFMlE2CwGhmW+w9355/5oduSw8e5h2+Tj4UrAGNNgP9915++wj5vkQo0UuOBqOAq4nw==
  dependencies:
    tslib "^2.4.0"

"@types/node@^18.0.0":
  version "18.11.4"
  resolved "https://registry.yarnpkg.com/@types/node/-/node-18.11.4.tgz#7017a52e18dfaad32f55eebd539993014441949c"
  integrity sha512-BxcJpBu8D3kv/GZkx/gSMz6VnTJREBj/4lbzYOQueUOELkt8WrO6zAcSPmp9uRPEW/d+lUO8QK0W2xnS1hEU0A==

"@types/prop-types@*":
  version "15.7.5"
  resolved "https://registry.yarnpkg.com/@types/prop-types/-/prop-types-15.7.5.tgz#5f19d2b85a98e9558036f6a3cacc8819420f05cf"
  integrity sha512-JCB8C6SnDoQf0cNycqd/35A7MjcnK+ZTqE7judS6o7utxUCg6imJg3QK2qzHKszlTjcj2cn+NwMB2i96ubpj7w==

"@types/react@^18.0.14":
  version "18.0.21"
  resolved "https://registry.yarnpkg.com/@types/react/-/react-18.0.21.tgz#b8209e9626bb00a34c76f55482697edd2b43cc67"
  integrity sha512-7QUCOxvFgnD5Jk8ZKlUAhVcRj7GuJRjnjjiY/IUBWKgOlnvDvTMLD4RTF7NPyVmbRhNrbomZiOepg7M/2Kj1mA==
  dependencies:
    "@types/prop-types" "*"
    "@types/scheduler" "*"
    csstype "^3.0.2"

"@types/scheduler@*":
  version "0.16.2"
  resolved "https://registry.yarnpkg.com/@types/scheduler/-/scheduler-0.16.2.tgz#1a62f89525723dde24ba1b01b092bf5df8ad4d39"
  integrity sha512-hppQEBDmlwhFAXKJX2KnWLYu5yMfi91yazPb2l+lbJiwW+wdo1gNeRA+3RgNSO39WYX2euey41KEwnqesU2Jew==

caniuse-lite@^1.0.30001406:
  version "1.0.30001423"
  resolved "https://registry.yarnpkg.com/caniuse-lite/-/caniuse-lite-1.0.30001423.tgz#57176d460aa8cd85ee1a72016b961eb9aca55d91"
  integrity sha512-09iwWGOlifvE1XuHokFMP7eR38a0JnajoyL3/i87c8ZjRWRrdKo1fqjNfugfBD0UDBIOz0U+jtNhJ0EPm1VleQ==

client-only@0.0.1:
  version "0.0.1"
  resolved "https://registry.yarnpkg.com/client-only/-/client-only-0.0.1.tgz#38bba5d403c41ab150bff64a95c85013cf73bca1"
  integrity sha512-IV3Ou0jSMzZrd3pZ48nLkT9DA7Ag1pnPzaiQhpW7c3RbcqqzvzzVu+L8gfqMp/8IM2MQtSiqaCxrrcfu8I8rMA==

csstype@^3.0.2:
  version "3.1.1"
  resolved "https://registry.yarnpkg.com/csstype/-/csstype-3.1.1.tgz#841b532c45c758ee546a11d5bd7b7b473c8c30b9"
  integrity sha512-DJR/VvkAvSZW9bTouZue2sSxDwdTN92uHjqeKVm+0dAqdfNykRzQ95tay8aXMBAAPpUiq4Qcug2L7neoRh2Egw==

"js-tokens@^3.0.0 || ^4.0.0":
  version "4.0.0"
  resolved "https://registry.yarnpkg.com/js-tokens/-/js-tokens-4.0.0.tgz#19203fb59991df98e3a287050d4647cdeaf32499"
  integrity sha512-RdJUflcE3cUzKiMqQgsCu06FPu9UdIJO0beYbPhHN4k6apgJtifcoCtT9bcxOpYBtpD2kCM6Sbzg4CausW/PKQ==

loose-envify@^1.1.0:
  version "1.4.0"
  resolved "https://registry.yarnpkg.com/loose-envify/-/loose-envify-1.4.0.tgz#71ee51fa7be4caec1a63839f7e682d8132d30caf"
  integrity sha512-lyuxPGr/Wfhrlem2CL/UcnUc1zcqKAImBDzukY7Y5F/yQiNdko6+fRLevlw1HgMySw7f611UIY408EtxRSoK3Q==
  dependencies:
    js-tokens "^3.0.0 || ^4.0.0"

nanoid@^3.3.4:
  version "3.3.4"
  resolved "https://registry.yarnpkg.com/nanoid/-/nanoid-3.3.4.tgz#730b67e3cd09e2deacf03c027c81c9d9dbc5e8ab"
  integrity sha512-MqBkQh/OHTS2egovRtLk45wEyNXwF+cokD+1YPf9u5VfJiRdAiRwB2froX5Co9Rh20xs4siNPm8naNotSD6RBw==

next@canary:
  version "12.3.2-canary.38"
  resolved "https://registry.yarnpkg.com/next/-/next-12.3.2-canary.38.tgz#523d9094b9a27f7b1f193de7a6b9ef6ab3e26010"
  integrity sha512-gieE5cDm4LT3PYJsgWewF6nhVtMfz4lIlGfXAQ2aKJSArjOLBDTweYVGJQUH0kV3FoFd/kb/opr4wY5dggjaYg==
  dependencies:
    "@next/env" "12.3.2-canary.38"
    "@swc/helpers" "0.4.11"
    caniuse-lite "^1.0.30001406"
    postcss "8.4.14"
    styled-jsx "5.1.0"
    use-sync-external-store "1.2.0"
  optionalDependencies:
    "@next/swc-android-arm-eabi" "12.3.2-canary.38"
    "@next/swc-android-arm64" "12.3.2-canary.38"
    "@next/swc-darwin-arm64" "12.3.2-canary.38"
    "@next/swc-darwin-x64" "12.3.2-canary.38"
    "@next/swc-freebsd-x64" "12.3.2-canary.38"
    "@next/swc-linux-arm-gnueabihf" "12.3.2-canary.38"
    "@next/swc-linux-arm64-gnu" "12.3.2-canary.38"
    "@next/swc-linux-arm64-musl" "12.3.2-canary.38"
    "@next/swc-linux-x64-gnu" "12.3.2-canary.38"
    "@next/swc-linux-x64-musl" "12.3.2-canary.38"
    "@next/swc-win32-arm64-msvc" "12.3.2-canary.38"
    "@next/swc-win32-ia32-msvc" "12.3.2-canary.38"
    "@next/swc-win32-x64-msvc" "12.3.2-canary.38"

picocolors@^1.0.0:
  version "1.0.0"
  resolved "https://registry.yarnpkg.com/picocolors/-/picocolors-1.0.0.tgz#cb5bdc74ff3f51892236eaf79d68bc44564ab81c"
  integrity sha512-1fygroTLlHu66zi26VoTDv8yRgm0Fccecssto+MhsZ0D/DGW2sm8E8AjW7NU5VVTRt5GxbeZ5qBuJr+HyLYkjQ==

postcss@8.4.14:
  version "8.4.14"
  resolved "https://registry.yarnpkg.com/postcss/-/postcss-8.4.14.tgz#ee9274d5622b4858c1007a74d76e42e56fd21caf"
  integrity sha512-E398TUmfAYFPBSdzgeieK2Y1+1cpdxJx8yXbK/m57nRhKSmk1GB2tO4lbLBtlkfPQTDKfe4Xqv1ASWPpayPEig==
  dependencies:
    nanoid "^3.3.4"
    picocolors "^1.0.0"
    source-map-js "^1.0.2"

react-dom@^18.2.0:
  version "18.2.0"
  resolved "https://registry.yarnpkg.com/react-dom/-/react-dom-18.2.0.tgz#22aaf38708db2674ed9ada224ca4aa708d821e3d"
  integrity sha512-6IMTriUmvsjHUjNtEDudZfuDQUoWXVxKHhlEGSk81n4YFS+r/Kl99wXiwlVXtPBtJenozv2P+hxDsw9eA7Xo6g==
  dependencies:
    loose-envify "^1.1.0"
    scheduler "^0.23.0"

react@^18.2.0:
  version "18.2.0"
  resolved "https://registry.yarnpkg.com/react/-/react-18.2.0.tgz#555bd98592883255fa00de14f1151a917b5d77d5"
  integrity sha512-/3IjMdb2L9QbBdWiW5e3P2/npwMBaU9mHCSCUzNln0ZCYbcfTsGbTJrU/kGemdH2IWmB2ioZ+zkxtmq6g09fGQ==
  dependencies:
    loose-envify "^1.1.0"

scheduler@^0.23.0:
  version "0.23.0"
  resolved "https://registry.yarnpkg.com/scheduler/-/scheduler-0.23.0.tgz#ba8041afc3d30eb206a487b6b384002e4e61fdfe"
  integrity sha512-CtuThmgHNg7zIZWAXi3AsyIzA3n4xx7aNyjwC2VJldO2LMVDhFK+63xGqq6CsJH4rTAt6/M+N4GhZiDYPx9eUw==
  dependencies:
    loose-envify "^1.1.0"

source-map-js@^1.0.2:
  version "1.0.2"
  resolved "https://registry.yarnpkg.com/source-map-js/-/source-map-js-1.0.2.tgz#adbc361d9c62df380125e7f161f71c826f1e490c"
  integrity sha512-R0XvVJ9WusLiqTCEiGCmICCMplcCkIwwR11mOSD9CR5u+IXYdiseeEuXCVAjS54zqwkLcPNnmU4OeJ6tUrWhDw==

styled-jsx@5.1.0:
  version "5.1.0"
  resolved "https://registry.yarnpkg.com/styled-jsx/-/styled-jsx-5.1.0.tgz#4a5622ab9714bd3fcfaeec292aa555871f057563"
  integrity sha512-/iHaRJt9U7T+5tp6TRelLnqBqiaIT0HsO0+vgyj8hK2KUk7aejFqRrumqPUlAqDwAj8IbS/1hk3IhBAAK/FCUQ==
  dependencies:
    client-only "0.0.1"

tslib@^2.4.0:
  version "2.4.0"
  resolved "https://registry.yarnpkg.com/tslib/-/tslib-2.4.0.tgz#7cecaa7f073ce680a05847aa77be941098f36dc3"
  integrity sha512-d6xOpEDfsi2CZVlPQzGeux8XMwLT9hssAsaPYExaQMuYskwb+x1x7J371tWlbBdWHroy99KnVB6qIkUbs5X3UQ==

typescript@^4.7.4:
  version "4.8.4"
  resolved "https://registry.yarnpkg.com/typescript/-/typescript-4.8.4.tgz#c464abca159669597be5f96b8943500b238e60e6"
  integrity sha512-QCh+85mCy+h0IGff8r5XWzOVSbBO+KfeYrMQh7NJ58QujwcE22u+NUSmUxqF+un70P9GXKxa2HCNiTTMJknyjQ==

use-sync-external-store@1.2.0:
  version "1.2.0"
  resolved "https://registry.yarnpkg.com/use-sync-external-store/-/use-sync-external-store-1.2.0.tgz#7dbefd6ef3fe4e767a0cf5d7287aacfb5846928a"
  integrity sha512-eEgnFxGQ1Ife9bzYs6VLi8/4X6CObHMw9Qr9tPY43iKwsPw8xE8+EFsf/2cFZ5S3esXgpWgtSCtLNS41F+sKPA==
